
Microsoft Visual Studio Solution File, Format Version 12.00
# Visual Studio 14
VisualStudioVersion = 14.0.25420.1
MinimumVisualStudioVersion = 10.0.40219.1
Project("{FAE04EC0-301F-11D3-BF4B-00C04F79EFBC}") = "EmpUtility", "EmpUtility\EmpUtility.csproj", "{694FB234-E385-48AC-8BB4-B91177AFB649}"
EndProject
Project("{FAE04EC0-301F-11D3-BF4B-00C04F79EFBC}") = "EmployeeUI", "EmployeeUI\EmployeeUI.csproj", "{549F07C8-42C0-44AA-AA97-05C5D0EA7590}"
EndProject
Global
	GlobalSection(SolutionConfigurationPlatforms) = preSolution
		Debug|Any CPU = Debug|Any CPU
		Release|Any CPU = Release|Any CPU
	EndGlobalSection
	GlobalSection(ProjectConfigurationPlatforms) = postSolution
		{694FB234-E385-48AC-8BB4-B91177AFB649}.Debug|Any CPU.ActiveCfg = Debug|Any CPU
		{694FB234-E385-48AC-8BB4-B91177AFB649}.Debug|Any CPU.Build.0 = Debug|Any CPU
		{694FB234-E385-48AC-8BB4-B91177AFB649}.Release|Any CPU.ActiveCfg = Release|Any CPU
		{694FB234-E385-48AC-8BB4-B91177AFB649}.Release|Any CPU.Build.0 = Release|Any CPU
		{549F07C8-42C0-44AA-AA97-05C5D0EA7590}.Debug|Any CPU.ActiveCfg = Debug|Any CPU
		{549F07C8-42C0-44AA-AA97-05C5D0EA7590}.Debug|Any CPU.Build.0 = Debug|Any CPU
		{549F07C8-42C0-44AA-AA97-05C5D0EA7590}.Release|Any CPU.ActiveCfg = Release|Any CPU
		{549F07C8-42C0-44AA-AA97-05C5D0EA7590}.Release|Any CPU.Build.0 = Release|Any CPU
	EndGlobalSection
	GlobalSection(SolutionProperties) = preSolution
		HideSolutionNode = FALSE
	EndGlobalSection
EndGlobal
